github.com/ilinovalex86/connection v0.0.1 h1:GF7wEURR/ICOsBuQd6mn1qWqHw70yqopwC062l4kaBs=
github.com/ilinovalex86/connection v0.0.1/go.mod h1:ICh4SydvoImApEnb7bZdRQOA0N3ryvnpYM0fcvFmLoo=
github.com/ilinovalex86/connection v1.1.0/go.mod h1:ICh4SydvoImApEnb7bZdRQOA0N3ryvnpYM0fcvFmLoo=
github.com/ilinovalex86/connection v1.1.1/go.mod h1:ICh4SydvoImApEnb7bZdRQOA0N3ryvnpYM0fcvFmLoo=
github.com/ilinovalex86/connection v1.1.5/go.mod h1:ICh4SydvoImApEnb7bZdRQOA0N3ryvnpYM0fcvFmLoo=
github.com/ilinovalex86/connection v1.2.0/go.mod h1:ICh4SydvoImApEnb7bZdRQOA0N3ryvnpYM0fcvFmLoo=
github.com/ilinovalex86/connection v1.2.8 h1:mmOKlt36isHdir5q0YySKvDupfBgK31D/uE5nb24KCM=
github.com/ilinovalex86/connection v1.2.8/go.mod h1:ICh4SydvoImApEnb7bZdRQOA0N3ryvnpYM0fcvFmLoo=
github.com/ilinovalex86/explorer v0.0.1 h1:yCxoSomOVJM2q6GFr5TlHAOkPFpUqggUObOWky0akUk=
github.com/ilinovalex86/explorer v0.0.1/go.mod h1:Wb8nDqWS54ZrJASb0Ona8hmmcORcBWDYSSb9yGwVEkg=
github.com/ilinovalex86/explorer v1.2.2 h1:95cR0NVVCLjDKEEh9Av7CE42kZL3ENVCwM3EOa5iVRk=
github.com/ilinovalex86/explorer v1.2.2/go.mod h1:Wb8nDqWS54ZrJASb0Ona8hmmcORcBWDYSSb9yGwVEkg=
github.com/ilinovalex86/explorer v1.2.6 h1:5fLb11gnQcHq1jVHybUurEEJoeVRxhpUHZLWXkNQoDM=
github.com/ilinovalex86/explorer v1.2.6/go.mod h1:Wb8nDqWS54ZrJASb0Ona8hmmcORcBWDYSSb9yGwVEkg=
github.com/ilinovalex86/ratcpserver v0.0.1 h1:CbPjCGwp0i96v4xjutyZUdg6AaX1pP7KdqQkG1WXvf4=
github.com/ilinovalex86/ratcpserver v0.0.1/go.mod h1:hmBKAAQnPwFXnzHOA0tG+LbP6Mtf+tlZhNInIceGxKM=
github.com/ilinovalex86/tcpserver v1.0.1/go.mod h1:YL4ADgQgGPQozfrbQwDRmP6Os2y4TRXvzrQj3geuGRY=
github.com/ilinovalex86/tcpserver v1.0.2/go.mod h1:YL4ADgQgGPQozfrbQwDRmP6Os2y4TRXvzrQj3geuGRY=
github.com/ilinovalex86/tcpserver v1.0.3/go.mod h1:YL4ADgQgGPQozfrbQwDRmP6Os2y4TRXvzrQj3geuGRY=
github.com/ilinovalex86/tcpserver v1.0.4/go.mod h1:4wvFObbbiyFciO+uldk3iki9LmxGDBRHhjTB/imXLeI=
github.com/ilinovalex86/tcpserver v1.0.5/go.mod h1:YL4ADgQgGPQozfrbQwDRmP6Os2y4TRXvzrQj3geuGRY=
github.com/ilinovalex86/tcpserver v1.0.6/go.mod h1:YL4ADgQgGPQozfrbQwDRmP6Os2y4TRXvzrQj3geuGRY=
github.com/ilinovalex86/tcpserver v1.0.7/go.mod h1:YL4ADgQgGPQozfrbQwDRmP6Os2y4TRXvzrQj3geuGRY=
github.com/ilinovalex86/tcpserver v1.0.8/go.mod h1:YL4ADgQgGPQozfrbQwDRmP6Os2y4TRXvzrQj3geuGRY=
github.com/ilinovalex86/tcpserver v1.0.9/go.mod h1:nQZ+UsawXJhRjeoFf0DPklmCcxO3avGlvaBZcKx7Ybs=
github.com/ilinovalex86/tcpserver v1.0.10/go.mod h1:lBRsGAtP0KE1yvE0Qk8Ex9nGZWafATcEge4w5Ql/TBo=
github.com/ilinovalex86/tcpserver v1.1.0/go.mod h1:7cgHWEj82lWyIuX1177r9H8g4vozCNMDTu62fqPpNqk=
github.com/ilinovalex86/tcpserver v1.1.1/go.mod h1:7cgHWEj82lWyIuX1177r9H8g4vozCNMDTu62fqPpNqk=
github.com/ilinovalex86/tcpserver v1.1.2/go.mod h1:7cgHWEj82lWyIuX1177r9H8g4vozCNMDTu62fqPpNqk=
github.com/ilinovalex86/tcpserver v1.1.3/go.mod h1:7cgHWEj82lWyIuX1177r9H8g4vozCNMDTu62fqPpNqk=
github.com/ilinovalex86/tcpserver v1.1.4/go.mod h1:7cgHWEj82lWyIuX1177r9H8g4vozCNMDTu62fqPpNqk=
github.com/ilinovalex86/tcpserver v1.1.5/go.mod h1:7cgHWEj82lWyIuX1177r9H8g4vozCNMDTu62fqPpNqk=
github.com/ilinovalex86/tcpserver v1.1.6/go.mod h1:7cgHWEj82lWyIuX1177r9H8g4vozCNMDTu62fqPpNqk=
github.com/ilinovalex86/tcpserver v1.1.7/go.mod h1:7cgHWEj82lWyIuX1177r9H8g4vozCNMDTu62fqPpNqk=
github.com/ilinovalex86/tcpserver v1.1.8/go.mod h1:7cgHWEj82lWyIuX1177r9H8g4vozCNMDTu62fqPpNqk=
github.com/ilinovalex86/tcpserver v1.1.9/go.mod h1:7cgHWEj82lWyIuX1177r9H8g4vozCNMDTu62fqPpNqk=
github.com/ilinovalex86/tcpserver v1.1.10/go.mod h1:7cgHWEj82lWyIuX1177r9H8g4vozCNMDTu62fqPpNqk=
github.com/ilinovalex86/tcpserver v1.1.11/go.mod h1:Je6/4VgZYyYLzepOt2J3H6Z0ojbCxpYRdkcUWYJ+HJc=
github.com/ilinovalex86/tcpserver v1.1.12/go.mod h1:Je6/4VgZYyYLzepOt2J3H6Z0ojbCxpYRdkcUWYJ+HJc=
github.com/ilinovalex86/tcpserver v1.2.0/go.mod h1:MeGeYTV7BETCxFuJhZQHfdMAn9KE2os+bkyZ9DtfTos=
github.com/ilinovalex86/tcpserver v1.2.1/go.mod h1:KMDT6i4/oPVBDuPGJoZWTobAR1kP1MmFQY0gy1J9iBA=
github.com/ilinovalex86/tcpserver v1.2.2/go.mod h1:KMDT6i4/oPVBDuPGJoZWTobAR1kP1MmFQY0gy1J9iBA=
github.com/ilinovalex86/tcpserver v1.3.0/go.mod h1:iOxHE5I8V6sjfwGzrjGG69NFMXZ/+ij90LlSWWSvV90=
github.com/ilinovalex86/tcpserver v1.3.1/go.mod h1:iOxHE5I8V6sjfwGzrjGG69NFMXZ/+ij90LlSWWSvV90=
github.com/ilinovalex86/tcpserver v1.4.0/go.mod h1:iOxHE5I8V6sjfwGzrjGG69NFMXZ/+ij90LlSWWSvV90=
github.com/ilinovalex86/tcpserver v1.4.1/go.mod h1:iOxHE5I8V6sjfwGzrjGG69NFMXZ/+ij90LlSWWSvV90=
github.com/ilinovalex86/tcpserver v1.4.2/go.mod h1:iOxHE5I8V6sjfwGzrjGG69NFMXZ/+ij90LlSWWSvV90=
github.com/ilinovalex86/tcpserver v1.4.3/go.mod h1:iOxHE5I8V6sjfwGzrjGG69NFMXZ/+ij90LlSWWSvV90=
github.com/ilinovalex86/tcpserver v1.4.4/go.mod h1:iOxHE5I8V6sjfwGzrjGG69NFMXZ/+ij90LlSWWSvV90=
github.com/ilinovalex86/tcpserver v1.4.5/go.mod h1:iOxHE5I8V6sjfwGzrjGG69NFMXZ/+ij90LlSWWSvV90=
github.com/ilinovalex86/tcpserver v1.4.6/go.mod h1:iOxHE5I8V6sjfwGzrjGG69NFMXZ/+ij90LlSWWSvV90=
github.com/ilinovalex86/tcpserver v1.4.7/go.mod h1:iOxHE5I8V6sjfwGzrjGG69NFMXZ/+ij90LlSWWSvV90=
github.com/ilinovalex86/tcpserver v1.5.0 h1:iQlaje0WcRd49wS6KC31egHdjHtpgD+a9/82tFNF+FU=
github.com/ilinovalex86/tcpserver v1.5.0/go.mod h1:gQqtHXhs7ocnhriIYVzIgxkBtyYlnZdmuWZytcnq2FA=
golang.org/x/text v0.3.7 h1:olpwvP2KacW1ZWvsR7uQhoyTYvKAupfQrRGBFM352Gk=
golang.org/x/text v0.3.7/go.mod h1:u+2+/6zg+i71rQMx5EYifcz6MCKuco9NR6JIITiCfzQ=
golang.org/x/tools v0.0.0-20180917221912-90fa682c2a6e/go.mod h1:n7NCudcB/nEzxVGmLbDWY5pfWTLqBcC2KZ6jyYvM4mQ=
